
Microsoft Visual Studio Solution File, Format Version 12.00
# Visual Studio Version 17
VisualStudioVersion = 17.3.32825.248
MinimumVisualStudioVersion = 10.0.40219.1
Project("{FAE04EC0-301F-11D3-BF4B-00C04F79EFBC}") = "Debug Example", "Debug Example\Debug Example.csproj", "{ADBCD728-046B-4724-8960-70AA544FD417}"
EndProject
Global
	GlobalSection(SolutionConfigurationPlatforms) = preSolution
		Debug|Any CPU = Debug|Any CPU
		Release|Any CPU = Release|Any CPU
	EndGlobalSection
	GlobalSection(ProjectConfigurationPlatforms) = postSolution
		{ADBCD728-046B-4724-8960-70AA544FD417}.Debug|Any CPU.ActiveCfg = Debug|Any CPU
		{ADBCD728-046B-4724-8960-70AA544FD417}.Debug|Any CPU.Build.0 = Debug|Any CPU
		{ADBCD728-046B-4724-8960-70AA544FD417}.Release|Any CPU.ActiveCfg = Release|Any CPU
		{ADBCD728-046B-4724-8960-70AA544FD417}.Release|Any CPU.Build.0 = Release|Any CPU
	EndGlobalSection
	GlobalSection(SolutionProperties) = preSolution
		HideSolutionNode = FALSE
	EndGlobalSection
	GlobalSection(ExtensibilityGlobals) = postSolution
		SolutionGuid = {43A3545B-AF26-4E58-A056-3C6FA2CC0A9F}
	EndGlobalSection
EndGlobal
