
Microsoft Visual Studio Solution File, Format Version 12.00
# Visual Studio Version 17
VisualStudioVersion = 17.3.32825.248
MinimumVisualStudioVersion = 10.0.40219.1
Project("{FAE04EC0-301F-11D3-BF4B-00C04F79EFBC}") = "SensorIssues", "SensorIssues\SensorIssues.csproj", "{7DDB6D41-6EB7-4887-BED4-BCA4FD2F21EB}"
EndProject
Project("{FAE04EC0-301F-11D3-BF4B-00C04F79EFBC}") = "Sensor", "Sensor\Sensor.csproj", "{7337060F-58BB-4E5D-ACA3-D4FC2120B8B1}"
EndProject
Global
	GlobalSection(SolutionConfigurationPlatforms) = preSolution
		Debug|Any CPU = Debug|Any CPU
		Release|Any CPU = Release|Any CPU
	EndGlobalSection
	GlobalSection(ProjectConfigurationPlatforms) = postSolution
		{7DDB6D41-6EB7-4887-BED4-BCA4FD2F21EB}.Debug|Any CPU.ActiveCfg = Debug|Any CPU
		{7DDB6D41-6EB7-4887-BED4-BCA4FD2F21EB}.Debug|Any CPU.Build.0 = Debug|Any CPU
		{7DDB6D41-6EB7-4887-BED4-BCA4FD2F21EB}.Release|Any CPU.ActiveCfg = Release|Any CPU
		{7DDB6D41-6EB7-4887-BED4-BCA4FD2F21EB}.Release|Any CPU.Build.0 = Release|Any CPU
		{7337060F-58BB-4E5D-ACA3-D4FC2120B8B1}.Debug|Any CPU.ActiveCfg = Debug|Any CPU
		{7337060F-58BB-4E5D-ACA3-D4FC2120B8B1}.Debug|Any CPU.Build.0 = Debug|Any CPU
		{7337060F-58BB-4E5D-ACA3-D4FC2120B8B1}.Release|Any CPU.ActiveCfg = Release|Any CPU
		{7337060F-58BB-4E5D-ACA3-D4FC2120B8B1}.Release|Any CPU.Build.0 = Release|Any CPU
	EndGlobalSection
	GlobalSection(SolutionProperties) = preSolution
		HideSolutionNode = FALSE
	EndGlobalSection
	GlobalSection(ExtensibilityGlobals) = postSolution
		SolutionGuid = {19379E24-ECFF-461F-A856-265E33AA6ABA}
	EndGlobalSection
EndGlobal
